
Microsoft Visual Studio Solution File, Format Version 12.00
# Visual Studio Version 17
VisualStudioVersion = 17.9.34701.34
MinimumVisualStudioVersion = 10.0.40219.1
Project("{FAE04EC0-301F-11D3-BF4B-00C04F79EFBC}") = "Task1", "Task1\Task1.csproj", "{F1B59C0A-7EF9-46B4-B7C1-D413BA46C7A4}"
EndProject
Project("{FAE04EC0-301F-11D3-BF4B-00C04F79EFBC}") = "Models", "Models\Models.csproj", "{ACA9A2E6-E3AB-472F-98FC-6333E387AF44}"
EndProject
Global
	GlobalSection(SolutionConfigurationPlatforms) = preSolution
		Debug|Any CPU = Debug|Any CPU
		Release|Any CPU = Release|Any CPU
	EndGlobalSection
	GlobalSection(ProjectConfigurationPlatforms) = postSolution
		{F1B59C0A-7EF9-46B4-B7C1-D413BA46C7A4}.Debug|Any CPU.ActiveCfg = Debug|Any CPU
		{F1B59C0A-7EF9-46B4-B7C1-D413BA46C7A4}.Debug|Any CPU.Build.0 = Debug|Any CPU
		{F1B59C0A-7EF9-46B4-B7C1-D413BA46C7A4}.Release|Any CPU.ActiveCfg = Release|Any CPU
		{F1B59C0A-7EF9-46B4-B7C1-D413BA46C7A4}.Release|Any CPU.Build.0 = Release|Any CPU
		{ACA9A2E6-E3AB-472F-98FC-6333E387AF44}.Debug|Any CPU.ActiveCfg = Debug|Any CPU
		{ACA9A2E6-E3AB-472F-98FC-6333E387AF44}.Debug|Any CPU.Build.0 = Debug|Any CPU
		{ACA9A2E6-E3AB-472F-98FC-6333E387AF44}.Release|Any CPU.ActiveCfg = Release|Any CPU
		{ACA9A2E6-E3AB-472F-98FC-6333E387AF44}.Release|Any CPU.Build.0 = Release|Any CPU
	EndGlobalSection
	GlobalSection(SolutionProperties) = preSolution
		HideSolutionNode = FALSE
	EndGlobalSection
	GlobalSection(ExtensibilityGlobals) = postSolution
		SolutionGuid = {E2BB42FF-AA1A-4310-90B7-BC4E4A374FA9}
	EndGlobalSection
EndGlobal
